
Microsoft Visual Studio Solution File, Format Version 12.00
# Visual Studio 14
VisualStudioVersion = 14.0.23107.0
MinimumVisualStudioVersion = 10.0.40219.1
Project("{FAE04EC0-301F-11D3-BF4B-00C04F79EFBC}") = "MCUServer", "MCUServer\MCUServer.csproj", "{0FD05B20-7529-40EC-BAA1-26DC418FC6F1}"
EndProject
Project("{FAE04EC0-301F-11D3-BF4B-00C04F79EFBC}") = "MCUclient", "MCUclient\MCUclient.csproj", "{7CE8AFE2-1323-413F-9D92-9C98539DFC2A}"
EndProject
Project("{FAE04EC0-301F-11D3-BF4B-00C04F79EFBC}") = "MCUlib", "MCUlib\MCUlib.csproj", "{FC5C8370-0A1B-4435-B837-92D3D52EEB92}"
EndProject
Global
	GlobalSection(SolutionConfigurationPlatforms) = preSolution
		Debug|Any CPU = Debug|Any CPU
		Release|Any CPU = Release|Any CPU
	EndGlobalSection
	GlobalSection(ProjectConfigurationPlatforms) = postSolution
		{0FD05B20-7529-40EC-BAA1-26DC418FC6F1}.Debug|Any CPU.ActiveCfg = Debug|Any CPU
		{0FD05B20-7529-40EC-BAA1-26DC418FC6F1}.Debug|Any CPU.Build.0 = Debug|Any CPU
		{0FD05B20-7529-40EC-BAA1-26DC418FC6F1}.Release|Any CPU.ActiveCfg = Release|Any CPU
		{0FD05B20-7529-40EC-BAA1-26DC418FC6F1}.Release|Any CPU.Build.0 = Release|Any CPU
		{7CE8AFE2-1323-413F-9D92-9C98539DFC2A}.Debug|Any CPU.ActiveCfg = Debug|Any CPU
		{7CE8AFE2-1323-413F-9D92-9C98539DFC2A}.Debug|Any CPU.Build.0 = Debug|Any CPU
		{7CE8AFE2-1323-413F-9D92-9C98539DFC2A}.Release|Any CPU.ActiveCfg = Release|Any CPU
		{7CE8AFE2-1323-413F-9D92-9C98539DFC2A}.Release|Any CPU.Build.0 = Release|Any CPU
		{FC5C8370-0A1B-4435-B837-92D3D52EEB92}.Debug|Any CPU.ActiveCfg = Debug|Any CPU
		{FC5C8370-0A1B-4435-B837-92D3D52EEB92}.Debug|Any CPU.Build.0 = Debug|Any CPU
		{FC5C8370-0A1B-4435-B837-92D3D52EEB92}.Release|Any CPU.ActiveCfg = Release|Any CPU
		{FC5C8370-0A1B-4435-B837-92D3D52EEB92}.Release|Any CPU.Build.0 = Release|Any CPU
	EndGlobalSection
	GlobalSection(SolutionProperties) = preSolution
		HideSolutionNode = FALSE
	EndGlobalSection
EndGlobal
